// !$*UTF8*$!
{
	archiveVersion = 1;
	classes = {
	};
	objectVersion = 55;
	objects = {

/* Begin PBXBuildFile section */
		1CC71273283CCFD000FF4CED /* AppDelegate.swift in Sources */ = {isa = PBXBuildFile; fileRef = 1CC71272283CCFD000FF4CED /* AppDelegate.swift */; };
		1CC71275283CCFD000FF4CED /* SceneDelegate.swift in Sources */ = {isa = PBXBuildFile; fileRef = 1CC71274283CCFD000FF4CED /* SceneDelegate.swift */; };
		1CC71277283CCFD000FF4CED /* FirstViewController.swift in Sources */ = {isa = PBXBuildFile; fileRef = 1CC71276283CCFD000FF4CED /* FirstViewController.swift */; };
		1CC7127A283CCFD000FF4CED /* First.storyboard in Resources */ = {isa = PBXBuildFile; fileRef = 1CC71278283CCFD000FF4CED /* First.storyboard */; };
		1CC7127C283CCFD400FF4CED /* Assets.xcassets in Resources */ = {isa = PBXBuildFile; fileRef = 1CC7127B283CCFD400FF4CED /* Assets.xcassets */; };
		1CC7127F283CCFD400FF4CED /* LaunchScreen.storyboard in Resources */ = {isa = PBXBuildFile; fileRef = 1CC7127D283CCFD400FF4CED /* LaunchScreen.storyboard */; };
		1CC71287283CD0D700FF4CED /* Second.storyboard in Resources */ = {isa = PBXBuildFile; fileRef = 1CC71286283CD0D700FF4CED /* Second.storyboard */; };
		1CC71289283CD18100FF4CED /* SecondViewController.swift in Sources */ = {isa = PBXBuildFile; fileRef = 1CC71288283CD18100FF4CED /* SecondViewController.swift */; };
		1CC7128B283CD1FE00FF4CED /* Third.storyboard in Resources */ = {isa = PBXBuildFile; fileRef = 1CC7128A283CD1FE00FF4CED /* Third.storyboard */; };
		1CC7128D283CD20600FF4CED /* ThirdViewController.swift in Sources */ = {isa = PBXBuildFile; fileRef = 1CC7128C283CD20600FF4CED /* ThirdViewController.swift */; };
		1CC7128F283CD41200FF4CED /* StoryboardName.swift in Sources */ = {isa = PBXBuildFile; fileRef = 1CC7128E283CD41200FF4CED /* StoryboardName.swift */; };
		1CC71291283CD42E00FF4CED /* StoryboardIdentifier.swift in Sources */ = {isa = PBXBuildFile; fileRef = 1CC71290283CD42E00FF4CED /* StoryboardIdentifier.swift */; };
/* End PBXBuildFile section */

/* Begin PBXFileReference section */
		1CC7126F283CCFD000FF4CED /* PracticeCircularReferencingOnDelegate.app */ = {isa = PBXFileReference; explicitFileType = wrapper.application; includeInIndex = 0; path = PracticeCircularReferencingOnDelegate.app; sourceTree = BUILT_PRODUCTS_DIR; };
		1CC71272283CCFD000FF4CED /* AppDelegate.swift */ = {isa = PBXFileReference; lastKnownFileType = sourcecode.swift; path = AppDelegate.swift; sourceTree = "<group>"; };
		1CC71274283CCFD000FF4CED /* SceneDelegate.swift */ = {isa = PBXFileReference; lastKnownFileType = sourcecode.swift; path = SceneDelegate.swift; sourceTree = "<group>"; };
		1CC71276283CCFD000FF4CED /* FirstViewController.swift */ = {isa = PBXFileReference; lastKnownFileType = sourcecode.swift; path = FirstViewController.swift; sourceTree = "<group>"; };
		1CC71279283CCFD000FF4CED /* Base */ = {isa = PBXFileReference; lastKnownFileType = file.storyboard; name = Base; path = Base.lproj/First.storyboard; sourceTree = "<group>"; };
		1CC7127B283CCFD400FF4CED /* Assets.xcassets */ = {isa = PBXFileReference; lastKnownFileType = folder.assetcatalog; path = Assets.xcassets; sourceTree = "<group>"; };
		1CC7127E283CCFD400FF4CED /* Base */ = {isa = PBXFileReference; lastKnownFileType = file.storyboard; name = Base; path = Base.lproj/LaunchScreen.storyboard; sourceTree = "<group>"; };
		1CC71280283CCFD400FF4CED /* Info.plist */ = {isa = PBXFileReference; lastKnownFileType = text.plist.xml; path = Info.plist; sourceTree = "<group>"; };
		1CC71286283CD0D700FF4CED /* Second.storyboard */ = {isa = PBXFileReference; lastKnownFileType = file.storyboard; path = Second.storyboard; sourceTree = "<group>"; };
		1CC71288283CD18100FF4CED /* SecondViewController.swift */ = {isa = PBXFileReference; lastKnownFileType = sourcecode.swift; path = SecondViewController.swift; sourceTree = "<group>"; };
		1CC7128A283CD1FE00FF4CED /* Third.storyboard */ = {isa = PBXFileReference; lastKnownFileType = file.storyboard; path = Third.storyboard; sourceTree = "<group>"; };
		1CC7128C283CD20600FF4CED /* ThirdViewController.swift */ = {isa = PBXFileReference; lastKnownFileType = sourcecode.swift; path = ThirdViewController.swift; sourceTree = "<group>"; };
		1CC7128E283CD41200FF4CED /* StoryboardName.swift */ = {isa = PBXFileReference; lastKnownFileType = sourcecode.swift; path = StoryboardName.swift; sourceTree = "<group>"; };
		1CC71290283CD42E00FF4CED /* StoryboardIdentifier.swift */ = {isa = PBXFileReference; lastKnownFileType = sourcecode.swift; path = StoryboardIdentifier.swift; sourceTree = "<group>"; };
/* End PBXFileReference section */

/* Begin PBXFrameworksBuildPhase section */
		1CC7126C283CCFD000FF4CED /* Frameworks */ = {
			isa = PBXFrameworksBuildPhase;
			buildActionMask = 2147483647;
			files = (
			);
			runOnlyForDeploymentPostprocessing = 0;
		};
/* End PBXFrameworksBuildPhase section */

/* Begin PBXGroup section */
		1CC71266283CCFD000FF4CED = {
			isa = PBXGroup;
			children = (
				1CC71271283CCFD000FF4CED /* PracticeCircularReferencingOnDelegate */,
				1CC71270283CCFD000FF4CED /* Products */,
			);
			sourceTree = "<group>";
		};
		1CC71270283CCFD000FF4CED /* Products */ = {
			isa = PBXGroup;
			children = (
				1CC7126F283CCFD000FF4CED /* PracticeCircularReferencingOnDelegate.app */,
			);
			name = Products;
			sourceTree = "<group>";
		};
		1CC71271283CCFD000FF4CED /* PracticeCircularReferencingOnDelegate */ = {
			isa = PBXGroup;
			children = (
				1CC71272283CCFD000FF4CED /* AppDelegate.swift */,
				1CC71274283CCFD000FF4CED /* SceneDelegate.swift */,
				1CC7128E283CD41200FF4CED /* StoryboardName.swift */,
				1CC71290283CD42E00FF4CED /* StoryboardIdentifier.swift */,
				1CC71276283CCFD000FF4CED /* FirstViewController.swift */,
				1CC71278283CCFD000FF4CED /* First.storyboard */,
				1CC71288283CD18100FF4CED /* SecondViewController.swift */,
				1CC71286283CD0D700FF4CED /* Second.storyboard */,
				1CC7128C283CD20600FF4CED /* ThirdViewController.swift */,
				1CC7128A283CD1FE00FF4CED /* Third.storyboard */,
				1CC7127B283CCFD400FF4CED /* Assets.xcassets */,
				1CC7127D283CCFD400FF4CED /* LaunchScreen.storyboard */,
				1CC71280283CCFD400FF4CED /* Info.plist */,
			);
			path = PracticeCircularReferencingOnDelegate;
			sourceTree = "<group>";
		};
/* End PBXGroup section */

/* Begin PBXNativeTarget section */
		1CC7126E283CCFD000FF4CED /* PracticeCircularReferencingOnDelegate */ = {
			isa = PBXNativeTarget;
			buildConfigurationList = 1CC71283283CCFD400FF4CED /* Build configuration list for PBXNativeTarget "PracticeCircularReferencingOnDelegate" */;
			buildPhases = (
				1CC7126B283CCFD000FF4CED /* Sources */,
				1CC7126C283CCFD000FF4CED /* Frameworks */,
				1CC7126D283CCFD000FF4CED /* Resources */,
				1CAB3C8D284C29C40029FEE8 /* ShellScript */,
			);
			buildRules = (
			);
			dependencies = (
			);
			name = PracticeCircularReferencingOnDelegate;
			productName = PracticeCircularReferencingOnDelegate;
			productReference = 1CC7126F283CCFD000FF4CED /* PracticeCircularReferencingOnDelegate.app */;
			productType = "com.apple.product-type.application";
		};
/* End PBXNativeTarget section */

/* Begin PBXProject section */
		1CC71267283CCFD000FF4CED /* Project object */ = {
			isa = PBXProject;
			attributes = {
				BuildIndependentTargetsInParallel = 1;
				LastSwiftUpdateCheck = 1320;
				LastUpgradeCheck = 1320;
				TargetAttributes = {
					1CC7126E283CCFD000FF4CED = {
						CreatedOnToolsVersion = 13.2.1;
					};
				};
			};
			buildConfigurationList = 1CC7126A283CCFD000FF4CED /* Build configuration list for PBXProject "PracticeCircularReferencingOnDelegate" */;
			compatibilityVersion = "Xcode 13.0";
			developmentRegion = en;
			hasScannedForEncodings = 0;
			knownRegions = (
				en,
				Base,
			);
			mainGroup = 1CC71266283CCFD000FF4CED;
			productRefGroup = 1CC71270283CCFD000FF4CED /* Products */;
			projectDirPath = "";
			projectRoot = "";
			targets = (
				1CC7126E283CCFD000FF4CED /* PracticeCircularReferencingOnDelegate */,
			);
		};
/* End PBXProject section */

/* Begin PBXResourcesBuildPhase section */
		1CC7126D283CCFD000FF4CED /* Resources */ = {
			isa = PBXResourcesBuildPhase;
			buildActionMask = 2147483647;
			files = (
				1CC71287283CD0D700FF4CED /* Second.storyboard in Resources */,
				1CC7127F283CCFD400FF4CED /* LaunchScreen.storyboard in Resources */,
				1CC7127C283CCFD400FF4CED /* Assets.xcassets in Resources */,
				1CC7127A283CCFD000FF4CED /* First.storyboard in Resources */,
				1CC7128B283CD1FE00FF4CED /* Third.storyboard in Resources */,
			);
			runOnlyForDeploymentPostprocessing = 0;
		};
/* End PBXResourcesBuildPhase section */

/* Begin PBXShellScriptBuildPhase section */
		1CAB3C8D284C29C40029FEE8 /* ShellScript */ = {
			isa = PBXShellScriptBuildPhase;
			buildActionMask = 2147483647;
			files = (
			);
			inputFileListPaths = (
			);
			inputPaths = (
			);
			outputFileListPaths = (
			);
			outputPaths = (
			);
			runOnlyForDeploymentPostprocessing = 0;
			shellPath = /bin/sh;
			shellScript = "export PATH=\"$PATH:/opt/homebrew/bin\"\nif which swiftlint > /dev/null; then\n  swiftlint\nelse\n  echo \"warning: SwiftLint not installed, download from https://github.com/realm/SwiftLint\"\nfi\n";
		};
/* End PBXShellScriptBuildPhase section */

/* Begin PBXSourcesBuildPhase section */
		1CC7126B283CCFD000FF4CED /* Sources */ = {
			isa = PBXSourcesBuildPhase;
			buildActionMask = 2147483647;
			files = (
				1CC71289283CD18100FF4CED /* SecondViewController.swift in Sources */,
				1CC71277283CCFD000FF4CED /* FirstViewController.swift in Sources */,
				1CC7128D283CD20600FF4CED /* ThirdViewController.swift in Sources */,
				1CC71291283CD42E00FF4CED /* StoryboardIdentifier.swift in Sources */,
				1CC7128F283CD41200FF4CED /* StoryboardName.swift in Sources */,
				1CC71273283CCFD000FF4CED /* AppDelegate.swift in Sources */,
				1CC71275283CCFD000FF4CED /* SceneDelegate.swift in Sources */,
			);
			runOnlyForDeploymentPostprocessing = 0;
		};
/* End PBXSourcesBuildPhase section */

/* Begin PBXVariantGroup section */
		1CC71278283CCFD000FF4CED /* First.storyboard */ = {
			isa = PBXVariantGroup;
			children = (
				1CC71279283CCFD000FF4CED /* Base */,
			);
			name = First.storyboard;
			sourceTree = "<group>";
		};
		1CC7127D283CCFD400FF4CED /* LaunchScreen.storyboard */ = {
			isa = PBXVariantGroup;
			children = (
				1CC7127E283CCFD400FF4CED /* Base */,
			);
			name = LaunchScreen.storyboard;
			sourceTree = "<group>";
		};
/* End PBXVariantGroup section */

/* Begin XCBuildConfiguration section */
		1CC71281283CCFD400FF4CED /* Debug */ = {
			isa = XCBuildConfiguration;
			buildSettings = {
				ALWAYS_SEARCH_USER_PATHS = NO;
				CLANG_ANALYZER_NONNULL = YES;
				CLANG_ANALYZER_NUMBER_OBJECT_CONVERSION = YES_AGGRESSIVE;
				CLANG_CXX_LANGUAGE_STANDARD = "gnu++17";
				CLANG_CXX_LIBRARY = "libc++";
				CLANG_ENABLE_MODULES = YES;
				CLANG_ENABLE_OBJC_ARC = YES;
				CLANG_ENABLE_OBJC_WEAK = YES;
				CLANG_WARN_BLOCK_CAPTURE_AUTORELEASING = YES;
				CLANG_WARN_BOOL_CONVERSION = YES;
				CLANG_WARN_COMMA = YES;
				CLANG_WARN_CONSTANT_CONVERSION = YES;
				CLANG_WARN_DEPRECATED_OBJC_IMPLEMENTATIONS = YES;
				CLANG_WARN_DIRECT_OBJC_ISA_USAGE = YES_ERROR;
				CLANG_WARN_DOCUMENTATION_COMMENTS = YES;
				CLANG_WARN_EMPTY_BODY = YES;
				CLANG_WARN_ENUM_CONVERSION = YES;
				CLANG_WARN_INFINITE_RECURSION = YES;
				CLANG_WARN_INT_CONVERSION = YES;
				CLANG_WARN_NON_LITERAL_NULL_CONVERSION = YES;
				CLANG_WARN_OBJC_IMPLICIT_RETAIN_SELF = YES;
				CLANG_WARN_OBJC_LITERAL_CONVERSION = YES;
				CLANG_WARN_OBJC_ROOT_CLASS = YES_ERROR;
				CLANG_WARN_QUOTED_INCLUDE_IN_FRAMEWORK_HEADER = YES;
				CLANG_WARN_RANGE_LOOP_ANALYSIS = YES;
				CLANG_WARN_STRICT_PROTOTYPES = YES;
				CLANG_WARN_SUSPICIOUS_MOVE = YES;
				CLANG_WARN_UNGUARDED_AVAILABILITY = YES_AGGRESSIVE;
				CLANG_WARN_UNREACHABLE_CODE = YES;
				CLANG_WARN__DUPLICATE_METHOD_MATCH = YES;
				COPY_PHASE_STRIP = NO;
				DEBUG_INFORMATION_FORMAT = dwarf;
				ENABLE_STRICT_OBJC_MSGSEND = YES;
				ENABLE_TESTABILITY = YES;
				GCC_C_LANGUAGE_STANDARD = gnu11;
				GCC_DYNAMIC_NO_PIC = NO;
				GCC_NO_COMMON_BLOCKS = YES;
				GCC_OPTIMIZATION_LEVEL = 0;
				GCC_PREPROCESSOR_DEFINITIONS = (
					"DEBUG=1",
					"$(inherited)",
				);
				GCC_WARN_64_TO_32_BIT_CONVERSION = YES;
				GCC_WARN_ABOUT_RETURN_TYPE = YES_ERROR;
				GCC_WARN_UNDECLARED_SELECTOR = YES;
				GCC_WARN_UNINITIALIZED_AUTOS = YES_AGGRESSIVE;
				GCC_WARN_UNUSED_FUNCTION = YES;
				GCC_WARN_UNUSED_VARIABLE = YES;
				IPHONEOS_DEPLOYMENT_TARGET = 15.2;
				MTL_ENABLE_DEBUG_INFO = INCLUDE_SOURCE;
				MTL_FAST_MATH = YES;
				ONLY_ACTIVE_ARCH = YES;
				SDKROOT = iphoneos;
				SWIFT_ACTIVE_COMPILATION_CONDITIONS = DEBUG;
				SWIFT_OPTIMIZATION_LEVEL = "-Onone";
			};
			name = Debug;
		};
		1CC71282283CCFD400FF4CED /* Release */ = {
			isa = XCBuildConfiguration;
			buildSettings = {
				ALWAYS_SEARCH_USER_PATHS = NO;
				CLANG_ANALYZER_NONNULL = YES;
				CLANG_ANALYZER_NUMBER_OBJECT_CONVERSION = YES_AGGRESSIVE;
				CLANG_CXX_LANGUAGE_STANDARD = "gnu++17";
				CLANG_CXX_LIBRARY = "libc++";
				CLANG_ENABLE_MODULES = YES;
				CLANG_ENABLE_OBJC_ARC = YES;
				CLANG_ENABLE_OBJC_WEAK = YES;
				CLANG_WARN_BLOCK_CAPTURE_AUTORELEASING = YES;
				CLANG_WARN_BOOL_CONVERSION = YES;
				CLANG_WARN_COMMA = YES;
				CLANG_WARN_CONSTANT_CONVERSION = YES;
				CLANG_WARN_DEPRECATED_OBJC_IMPLEMENTATIONS = YES;
				CLANG_WARN_DIRECT_OBJC_ISA_USAGE = YES_ERROR;
				CLANG_WARN_DOCUMENTATION_COMMENTS = YES;
				CLANG_WARN_EMPTY_BODY = YES;
				CLANG_WARN_ENUM_CONVERSION = YES;
				CLANG_WARN_INFINITE_RECURSION = YES;
				CLANG_WARN_INT_CONVERSION = YES;
				CLANG_WARN_NON_LITERAL_NULL_CONVERSION = YES;
				CLANG_WARN_OBJC_IMPLICIT_RETAIN_SELF = YES;
				CLANG_WARN_OBJC_LITERAL_CONVERSION = YES;
				CLANG_WARN_OBJC_ROOT_CLASS = YES_ERROR;
				CLANG_WARN_QUOTED_INCLUDE_IN_FRAMEWORK_HEADER = YES;
				CLANG_WARN_RANGE_LOOP_ANALYSIS = YES;
				CLANG_WARN_STRICT_PROTOTYPES = YES;
				CLANG_WARN_SUSPICIOUS_MOVE = YES;
				CLANG_WARN_UNGUARDED_AVAILABILITY = YES_AGGRESSIVE;
				CLANG_WARN_UNREACHABLE_CODE = YES;
				CLANG_WARN__DUPLICATE_METHOD_MATCH = YES;
				COPY_PHASE_STRIP = NO;
				DEBUG_INFORMATION_FORMAT = "dwarf-with-dsym";
				ENABLE_NS_ASSERTIONS = NO;
				ENABLE_STRICT_OBJC_MSGSEND = YES;
				GCC_C_LANGUAGE_STANDARD = gnu11;
				GCC_NO_COMMON_BLOCKS = YES;
				GCC_WARN_64_TO_32_BIT_CONVERSION = YES;
				GCC_WARN_ABOUT_RETURN_TYPE = YES_ERROR;
				GCC_WARN_UNDECLARED_SELECTOR = YES;
				GCC_WARN_UNINITIALIZED_AUTOS = YES_AGGRESSIVE;
				GCC_WARN_UNUSED_FUNCTION = YES;
				GCC_WARN_UNUSED_VARIABLE = YES;
				IPHONEOS_DEPLOYMENT_TARGET = 15.2;
				MTL_ENABLE_DEBUG_INFO = NO;
				MTL_FAST_MATH = YES;
				SDKROOT = iphoneos;
				SWIFT_COMPILATION_MODE = wholemodule;
				SWIFT_OPTIMIZATION_LEVEL = "-O";
				VALIDATE_PRODUCT = YES;
			};
			name = Release;
		};
		1CC71284283CCFD400FF4CED /* Debug */ = {
			isa = XCBuildConfiguration;
			buildSettings = {
				ASSETCATALOG_COMPILER_APPICON_NAME = AppIcon;
				ASSETCATALOG_COMPILER_GLOBAL_ACCENT_COLOR_NAME = AccentColor;
				CODE_SIGN_STYLE = Automatic;
				CURRENT_PROJECT_VERSION = 1;
				GENERATE_INFOPLIST_FILE = YES;
				INFOPLIST_FILE = PracticeCircularReferencingOnDelegate/Info.plist;
				INFOPLIST_KEY_UIApplicationSupportsIndirectInputEvents = YES;
				INFOPLIST_KEY_UILaunchStoryboardName = LaunchScreen;
				INFOPLIST_KEY_UIMainStoryboardFile = First;
				INFOPLIST_KEY_UISupportedInterfaceOrientations_iPad = "UIInterfaceOrientationPortrait UIInterfaceOrientationPortraitUpsideDown UIInterfaceOrientationLandscapeLeft UIInterfaceOrientationLandscapeRight";
				INFOPLIST_KEY_UISupportedInterfaceOrientations_iPhone = "UIInterfaceOrientationPortrait UIInterfaceOrientationLandscapeLeft UIInterfaceOrientationLandscapeRight";
				LD_RUNPATH_SEARCH_PATHS = (
					"$(inherited)",
					"@executable_path/Frameworks",
				);
				MARKETING_VERSION = 1.0;
				PRODUCT_BUNDLE_IDENTIFIER = com.otoufujohnny.PracticeCircularReferencingOnDelegate;
				PRODUCT_NAME = "$(TARGET_NAME)";
				SWIFT_EMIT_LOC_STRINGS = YES;
				SWIFT_VERSION = 5.0;
				TARGETED_DEVICE_FAMILY = 1;
			};
			name = Debug;
		};
		1CC71285283CCFD400FF4CED /* Release */ = {
			isa = XCBuildConfiguration;
			buildSettings = {
				ASSETCATALOG_COMPILER_APPICON_NAME = AppIcon;
				ASSETCATALOG_COMPILER_GLOBAL_ACCENT_COLOR_NAME = AccentColor;
				CODE_SIGN_STYLE = Automatic;
				CURRENT_PROJECT_VERSION = 1;
				GENERATE_INFOPLIST_FILE = YES;
				INFOPLIST_FILE = PracticeCircularReferencingOnDelegate/Info.plist;
				INFOPLIST_KEY_UIApplicationSupportsIndirectInputEvents = YES;
				INFOPLIST_KEY_UILaunchStoryboardName = LaunchScreen;
				INFOPLIST_KEY_UIMainStoryboardFile = First;
				INFOPLIST_KEY_UISupportedInterfaceOrientations_iPad = "UIInterfaceOrientationPortrait UIInterfaceOrientationPortraitUpsideDown UIInterfaceOrientationLandscapeLeft UIInterfaceOrientationLandscapeRight";
				INFOPLIST_KEY_UISupportedInterfaceOrientations_iPhone = "UIInterfaceOrientationPortrait UIInterfaceOrientationLandscapeLeft UIInterfaceOrientationLandscapeRight";
				LD_RUNPATH_SEARCH_PATHS = (
					"$(inherited)",
					"@executable_path/Frameworks",
				);
				MARKETING_VERSION = 1.0;
				PRODUCT_BUNDLE_IDENTIFIER = com.otoufujohnny.PracticeCircularReferencingOnDelegate;
				PRODUCT_NAME = "$(TARGET_NAME)";
				SWIFT_EMIT_LOC_STRINGS = YES;
				SWIFT_VERSION = 5.0;
				TARGETED_DEVICE_FAMILY = 1;
			};
			name = Release;
		};
/* End XCBuildConfiguration section */

/* Begin XCConfigurationList section */
		1CC7126A283CCFD000FF4CED /* Build configuration list for PBXProject "PracticeCircularReferencingOnDelegate" */ = {
			isa = XCConfigurationList;
			buildConfigurations = (
				1CC71281283CCFD400FF4CED /* Debug */,
				1CC71282283CCFD400FF4CED /* Release */,
			);
			defaultConfigurationIsVisible = 0;
			defaultConfigurationName = Release;
		};
		1CC71283283CCFD400FF4CED /* Build configuration list for PBXNativeTarget "PracticeCircularReferencingOnDelegate" */ = {
			isa = XCConfigurationList;
			buildConfigurations = (
				1CC71284283CCFD400FF4CED /* Debug */,
				1CC71285283CCFD400FF4CED /* Release */,
			);
			defaultConfigurationIsVisible = 0;
			defaultConfigurationName = Release;
		};
/* End XCConfigurationList section */
	};
	rootObject = 1CC71267283CCFD000FF4CED /* Project object */;
}
